{
    "_readme": [
        "This file locks the dependencies of your project to a known state",
        "Read more about it at https://getcomposer.org/doc/01-basic-usage.md#composer-lock-the-lock-file",
        "This file is @generated automatically"
    ],
    "content-hash": "f8b6ba45d252330bf8f0be1a3a1b88ea",
    "packages": [
        {
            "name": "bower-asset/animate.css",
            "version": "3.5.2",
            "source": {
                "type": "git",
                "url": "https://github.com/daneden/animate.css.git",
                "reference": "dac3dab7b59cb6072b5d0fe23eae3805e370a58c"
            },
            "dist": {
                "type": "zip",
                "url": "https://api.github.com/repos/daneden/animate.css/zipball/dac3dab7b59cb6072b5d0fe23eae3805e370a58c",
                "reference": "dac3dab7b59cb6072b5d0fe23eae3805e370a58c",
                "shasum": ""
            },
            "type": "bower-asset-library",
            "extra": {
                "bower-asset-main": "./animate.css",
                "bower-asset-ignore": [
                    ".*",
                    "*.yml",
                    "Gemfile",
                    "Gemfile.lock",
                    "*.md"
                ]
            }
        },
        {
            "name": "bower-asset/bootstrap",
            "version": "v3.3.7",
            "source": {
                "type": "git",
                "url": "https://github.com/twbs/bootstrap.git",
                "reference": "0b9c4a4007c44201dce9a6cc1a38407005c26c86"
            },
            "dist": {
                "type": "zip",
                "url": "https://api.github.com/repos/twbs/bootstrap/zipball/0b9c4a4007c44201dce9a6cc1a38407005c26c86",
                "reference": "0b9c4a4007c44201dce9a6cc1a38407005c26c86",
                "shasum": ""
            },
            "require": {
                "bower-asset/jquery": ">=1.9.1,<4.0"
            },
            "type": "bower-asset-library",
            "extra": {
                "bower-asset-main": [
                    "less/bootstrap.less",
                    "dist/js/bootstrap.js"
                ],
                "bower-asset-ignore": [
                    "/.*",
                    "_config.yml",
                    "CNAME",
                    "composer.json",
                    "CONTRIBUTING.md",
                    "docs",
                    "js/tests",
                    "test-infra"
                ]
            },
            "license": [
                "MIT"
            ],
            "description": "The most popular front-end framework for developing responsive, mobile first projects on the web.",
            "keywords": [
                "css",
                "framework",
                "front-end",
                "js",
                "less",
                "mobile-first",
                "responsive",
                "web"
            ]
        },
        {
            "name": "bower-asset/bootstrap-datepicker",
            "version": "v1.6.4",
            "source": {
                "type": "git",
                "url": "https://github.com/uxsolutions/bootstrap-datepicker.git",
                "reference": "42940960ffaf6c727c9f2d64a6175be87516986e"
            },
            "dist": {
                "type": "zip",
                "url": "https://api.github.com/repos/uxsolutions/bootstrap-datepicker/zipball/42940960ffaf6c727c9f2d64a6175be87516986e",
                "reference": "42940960ffaf6c727c9f2d64a6175be87516986e",
                "shasum": ""
            },
            "require": {
                "bower-asset/jquery": ">=1.7.1"
            },
            "type": "bower-asset-library",
            "extra": {
                "bower-asset-main": [
                    "dist/css/bootstrap-datepicker3.css",
                    "dist/js/bootstrap-datepicker.min.js"
                ],
                "bower-asset-ignore": []
            },
            "license": [
                "Apache-2.0"
            ]
        },
        {
            "name": "bower-asset/bootstrap-daterangepicker",
            "version": "v2.1.25",
            "source": {
                "type": "git",
                "url": "https://github.com/dangrossman/bootstrap-daterangepicker.git",
                "reference": "29bbf5a04df69fda363cedb534272ac344524e57"
            },
            "dist": {
                "type": "zip",
                "url": "https://api.github.com/repos/dangrossman/bootstrap-daterangepicker/zipball/29bbf5a04df69fda363cedb534272ac344524e57",
                "reference": "29bbf5a04df69fda363cedb534272ac344524e57",
                "shasum": ""
            },
            "require": {
                "bower-asset/jquery": ">=1.9.1,<4.0",
                "bower-asset/moment": ">=2.9.0"
            },
            "type": "bower-asset-library",
            "extra": {
                "bower-asset-main": [
                    "daterangepicker.js",
                    "daterangepicker.css"
                ],
                "bower-asset-ignore": [
                    "**/.*",
                    "node_modules",
                    "bower_components",
                    "test",
                    "tests",
                    "moment.js",
                    "moment.min.js"
                ]
            }
        },
        {
            "name": "bower-asset/bootstrap-markdown",
            "version": "v2.10.0",
            "source": {
                "type": "git",
                "url": "https://github.com/toopay/bootstrap-markdown.git",
                "reference": "3f69bb3db5020d29182c2092040f0ad8d390bda7"
            },
            "dist": {
                "type": "zip",
                "url": "https://api.github.com/repos/toopay/bootstrap-markdown/zipball/3f69bb3db5020d29182c2092040f0ad8d390bda7",
                "reference": "3f69bb3db5020d29182c2092040f0ad8d390bda7",
                "shasum": ""
            },
            "require": {
                "bower-asset/bootstrap": "~3"
            },
            "require-dev": {
                "bower-asset/markdown": "~0.4.0"
            },
            "type": "bower-asset-library",
            "extra": {
                "bower-asset-main": [
                    "./js/bootstrap-markdown.js",
                    "./css/bootstrap-markdown.min.css"
                ]
            },
            "license": [
                "Apache-2.0"
            ]
        },
        {
            "name": "bower-asset/font-awesome",
            "version": "v4.7.0",
            "source": {
                "type": "git",
                "url": "https://github.com/FortAwesome/Font-Awesome.git",
                "reference": "a8386aae19e200ddb0f6845b5feeee5eb7013687"
            },
            "dist": {
                "type": "zip",
                "url": "https://api.github.com/repos/FortAwesome/Font-Awesome/zipball/a8386aae19e200ddb0f6845b5feeee5eb7013687",
                "reference": "a8386aae19e200ddb0f6845b5feeee5eb7013687",
                "shasum": ""
            },
            "type": "bower-asset-library",
            "extra": {
                "bower-asset-main": [
                    "less/font-awesome.less",
                    "scss/font-awesome.scss"
                ],
                "bower-asset-ignore": [
                    "*/.*",
                    "*.json",
                    "src",
                    "*.yml",
                    "Gemfile",
                    "Gemfile.lock",
                    "*.md"
                ]
            },
            "license": [
                "OFL-1.1",
                "MIT",
                "CC-BY-3.0"
            ],
            "description": "Font Awesome"
        },
        {
            "name": "bower-asset/jquery",
            "version": "2.2.4",
            "source": {
                "type": "git",
                "url": "https://github.com/jquery/jquery-dist.git",
                "reference": "c0185ab7c75aab88762c5aae780b9d83b80eda72"
            },
            "dist": {
                "type": "zip",
                "url": "https://api.github.com/repos/jquery/jquery-dist/zipball/c0185ab7c75aab88762c5aae780b9d83b80eda72",
                "reference": "c0185ab7c75aab88762c5aae780b9d83b80eda72",
                "shasum": ""
            },
            "type": "bower-asset-library",
            "extra": {
                "bower-asset-main": "dist/jquery.js",
                "bower-asset-ignore": [
                    "package.json"
                ]
            },
            "license": [
                "MIT"
            ],
            "keywords": [
                "browser",
                "javascript",
                "jquery",
                "library"
            ]
        },
        {
            "name": "bower-asset/jquery-backstretch-hugoj",
            "version": "2.0.6",
            "source": {
                "type": "git",
                "url": "https://github.com/hugoj-goncalves/jquery-backstretch.git",
                "reference": "972b71c79784991094b1b4a77d19a3a36d3453b5"
            },
            "dist": {
                "type": "zip",
                "url": "https://api.github.com/repos/hugoj-goncalves/jquery-backstretch/zipball/972b71c79784991094b1b4a77d19a3a36d3453b5",
                "reference": "972b71c79784991094b1b4a77d19a3a36d3453b5",
                "shasum": ""
            },
            "require": {
                "bower-asset/jquery": ">=1.9.0"
            },
            "type": "bower-asset-library",
            "extra": {
                "bower-asset-main": [
                    "jquery.backstretch.js"
                ]
            },
            "description": "A simple jQuery plugin that allows you to add a dynamically-resized, slideshow-capable background image to any page or element."
        },
        {
            "name": "bower-asset/jquery-validation",
            "version": "1.16.0",
            "source": {
                "type": "git",
                "url": "https://github.com/jquery-validation/jquery-validation.git",
                "reference": "29b9c702b9c831419f9f774d2acb86f42f803e11"
            },
            "dist": {
                "type": "zip",
                "url": "https://api.github.com/repos/jquery-validation/jquery-validation/zipball/29b9c702b9c831419f9f774d2acb86f42f803e11",
                "reference": "29b9c702b9c831419f9f774d2acb86f42f803e11",
                "shasum": ""
            },
            "require": {
                "bower-asset/jquery": ">=1.7.2"
            },
            "type": "bower-asset-library",
            "extra": {
                "bower-asset-main": "dist/jquery.validate.js",
                "bower-asset-ignore": [
                    "**/.*",
                    "node_modules",
                    "bower_components",
                    "test",
                    "demo",
                    "lib"
                ]
            },
            "license": [
                "MIT"
            ],
            "description": "Form validation made easy",
            "keywords": [
                "forms",
                "validate",
                "validation"
            ]
        },
        {
            "name": "bower-asset/jquery.inputmask",
            "version": "3.3.6",
            "source": {
                "type": "git",
                "url": "https://github.com/RobinHerbots/Inputmask.git",
                "reference": "e42852f4afa01a80815394a5b2f9ce504c1a8d0b"
            },
            "dist": {
                "type": "zip",
                "url": "https://api.github.com/repos/RobinHerbots/Inputmask/zipball/e42852f4afa01a80815394a5b2f9ce504c1a8d0b",
                "reference": "e42852f4afa01a80815394a5b2f9ce504c1a8d0b",
                "shasum": ""
            },
            "require": {
                "bower-asset/jquery": ">=1.7"
            },
            "type": "bower-asset-library",
            "extra": {
                "bower-asset-main": [
                    "./dist/inputmask/inputmask.js",
                    "./dist/inputmask/inputmask.extensions.js",
                    "./dist/inputmask/inputmask.date.extensions.js",
                    "./dist/inputmask/inputmask.numeric.extensions.js",
                    "./dist/inputmask/inputmask.phone.extensions.js",
                    "./dist/inputmask/jquery.inputmask.js",
                    "./dist/inputmask/global/document.js",
                    "./dist/inputmask/global/window.js",
                    "./dist/inputmask/phone-codes/phone.js",
                    "./dist/inputmask/phone-codes/phone-be.js",
                    "./dist/inputmask/phone-codes/phone-nl.js",
                    "./dist/inputmask/phone-codes/phone-ru.js",
                    "./dist/inputmask/phone-codes/phone-uk.js",
                    "./dist/inputmask/dependencyLibs/inputmask.dependencyLib.jqlite.js",
                    "./dist/inputmask/dependencyLibs/inputmask.dependencyLib.jquery.js",
                    "./dist/inputmask/dependencyLibs/inputmask.dependencyLib.js",
                    "./dist/inputmask/bindings/inputmask.binding.js"
                ],
                "bower-asset-ignore": [
                    "**/*",
                    "!dist/*",
                    "!dist/inputmask/*",
                    "!dist/min/*",
                    "!dist/min/inputmask/*"
                ]
            },
            "license": [
                "http://opensource.org/licenses/mit-license.php"
            ],
            "description": "Inputmask is a javascript library which creates an input mask.  Inputmask can run against vanilla javascript, jQuery and jqlite.",
            "keywords": [
                "form",
                "input",
                "inputmask",
                "jquery",
                "mask",
                "plugins"
            ]
        },
        {
            "name": "bower-asset/jquery.scrollTo",
            "version": "2.1.2",
            "source": {
                "type": "git",
                "url": "https://github.com/flesler/jquery.scrollTo.git",
                "reference": "d33ae4515be21a76bb7907c94dd8a0ca0de7e49b"
            },
            "dist": {
                "type": "zip",
                "url": "https://api.github.com/repos/flesler/jquery.scrollTo/zipball/d33ae4515be21a76bb7907c94dd8a0ca0de7e49b",
                "reference": "d33ae4515be21a76bb7907c94dd8a0ca0de7e49b",
                "shasum": ""
            },
            "require": {
                "bower-asset/jquery": ">=1.8"
            },
            "type": "bower-asset-library",
            "extra": {
                "bower-asset-main": [
                    "./jquery.scrollTo.js"
                ],
                "bower-asset-ignore": [
                    "**/.*",
                    "demo",
                    "tests",
                    "CHANGELOG",
                    "README.md",
                    "composer.json",
                    "package.json"
                ]
            },
            "description": "Lightweight, cross-browser and highly customizable animated scrolling with jQuery",
            "keywords": [
                "anchors",
                "animated",
                "animation",
                "browser",
                "jquery",
                "links",
                "scroll",
                "scrolling"
            ]
        },
        {
            "name": "bower-asset/jquery.slimscroll",
            "version": "v1.3.8",
            "source": {
                "type": "git",
                "url": "https://github.com/rochal/jQuery-slimScroll.git",
                "reference": "cf39d364e777ef95574c30c42d3b85cb2bf325d3"
            },
            "dist": {
                "type": "zip",
                "url": "https://api.github.com/repos/rochal/jQuery-slimScroll/zipball/cf39d364e777ef95574c30c42d3b85cb2bf325d3",
                "reference": "cf39d364e777ef95574c30c42d3b85cb2bf325d3",
                "shasum": ""
            },
            "type": "bower-asset-library",
            "extra": {
                "bower-asset-main": [
                    "jquery.slimscroll.js",
                    "jquery.slimscroll.min.js"
                ],
                "bower-asset-ignore": [
                    "**/.*",
                    "node_modules",
                    "bower_components",
                    "test",
                    "tests"
                ]
            },
            "description": "slimScroll is a small jQuery plugin that transforms any div into a scrollable area. slimScroll doesn't occupy any visual space as it only appears on a user initiated mouse-over.",
            "keywords": [
                "ecosystem:jquery",
                "jquery-plugin",
                "scroll",
                "scrollable",
                "scrollbar",
                "scroller",
                "scrolling",
                "slimscroll",
                "ui"
            ]
        },
        {
            "name": "bower-asset/js-cookie",
            "version": "v2.1.4",
            "source": {
                "type": "git",
                "url": "https://github.com/js-cookie/js-cookie.git",
                "reference": "8b70250875f7e07445b6a457f9c2474ead4cba44"
            },
            "dist": {
                "type": "zip",
                "url": "https://api.github.com/repos/js-cookie/js-cookie/zipball/8b70250875f7e07445b6a457f9c2474ead4cba44",
                "reference": "8b70250875f7e07445b6a457f9c2474ead4cba44",
                "shasum": ""
            },
            "type": "bower-asset-library",
            "extra": {
                "bower-asset-main": [
                    "src/js.cookie.js"
                ],
                "bower-asset-ignore": [
                    "travis.sh",
                    "test",
                    "Gruntfile.js",
                    "package.json",
                    ".gitignore",
                    ".jshintignore",
                    ".jshintrc",
                    ".tm_properties",
                    ".travis.yml"
                ]
            },
            "license": [
                "MIT"
            ]
        },
        {
            "name": "bower-asset/moment",
            "version": "2.18.1",
            "source": {
                "type": "git",
                "url": "https://github.com/moment/moment.git",
                "reference": "b8a7fc310eb3625e83fc0c8f1ea2840fa83c7378"
            },
            "dist": {
                "type": "zip",
                "url": "https://api.github.com/repos/moment/moment/zipball/b8a7fc310eb3625e83fc0c8f1ea2840fa83c7378",
                "reference": "b8a7fc310eb3625e83fc0c8f1ea2840fa83c7378",
                "shasum": ""
            },
            "type": "bower-asset-library",
            "extra": {
                "bower-asset-main": "moment.js",
                "bower-asset-ignore": [
                    "**/.*",
                    "benchmarks",
                    "bower_components",
                    "meteor",
                    "node_modules",
                    "scripts",
                    "tasks",
                    "test",
                    "component.json",
                    "composer.json",
                    "CONTRIBUTING.md",
                    "ender.js",
                    "Gruntfile.js",
                    "Moment.js.nuspec",
                    "package.js",
                    "package.json",
                    "ISSUE_TEMPLATE.md",
                    "typing-tests"
                ]
            },
            "license": [
                "MIT"
            ]
        },
        {
            "name": "bower-asset/punycode",
            "version": "v1.3.2",
            "source": {
                "type": "git",
                "url": "https://github.com/bestiejs/punycode.js.git",
                "reference": "38c8d3131a82567bfef18da09f7f4db68c84f8a3"
            },
            "dist": {
                "type": "zip",
                "url": "https://api.github.com/repos/bestiejs/punycode.js/zipball/38c8d3131a82567bfef18da09f7f4db68c84f8a3",
                "reference": "38c8d3131a82567bfef18da09f7f4db68c84f8a3",
                "shasum": ""
            },
            "type": "bower-asset-library",
            "extra": {
                "bower-asset-main": "punycode.js",
                "bower-asset-ignore": [
                    "coverage",
                    "tests",
                    ".*",
                    "component.json",
                    "Gruntfile.js",
                    "node_modules",
                    "package.json"
                ]
            }
        },
        {
            "name": "bower-asset/select2",
            "version": "4.0.3",
            "source": {
                "type": "git",
                "url": "https://github.com/select2/select2.git",
                "reference": "566c7846fbf8c3b7674346f26d0ee872c0a77629"
            },
            "dist": {
                "type": "zip",
                "url": "https://api.github.com/repos/select2/select2/zipball/566c7846fbf8c3b7674346f26d0ee872c0a77629",
                "reference": "566c7846fbf8c3b7674346f26d0ee872c0a77629",
                "shasum": ""
            },
            "type": "bower-asset-library",
            "extra": {
                "bower-asset-main": [
                    "dist/js/select2.js",
                    "src/scss/core.scss"
                ]
            },
            "description": "Select2 is a jQuery based replacement for select boxes. It supports searching, remote data sets, and infinite scrolling of results."
        },
        {
            "name": "bower-asset/select2-bootstrap-theme",
            "version": "0.1.0-beta.10",
            "source": {
                "type": "git",
                "url": "https://github.com/select2/select2-bootstrap-theme.git",
                "reference": "7ad6e79f01dbb67c5f77ef102f9570266eca1aea"
            },
            "dist": {
                "type": "zip",
                "url": "https://api.github.com/repos/select2/select2-bootstrap-theme/zipball/7ad6e79f01dbb67c5f77ef102f9570266eca1aea",
                "reference": "7ad6e79f01dbb67c5f77ef102f9570266eca1aea",
                "shasum": ""
            },
            "require": {
                "bower-asset/bootstrap": ">=3.3.4,<4.0.0",
                "bower-asset/select2": ">=4.0.0,<5.0.0"
            },
            "type": "bower-asset-library",
            "extra": {
                "bower-asset-main": [
                    "src/build.scss",
                    "src/build.less"
                ],
                "bower-asset-ignore": [
                    "**/.*",
                    "node_modules",
                    "components"
                ]
            },
            "license": [
                "MIT"
            ],
            "description": "A theme for Select2 v4 and Bootstrap 3.",
            "keywords": [
                "bootstrap",
                "css",
                "less",
                "sass",
                "select2"
            ]
        },
        {
            "name": "bower-asset/simple-line-icons",
            "version": "2.4.1",
            "source": {
                "type": "git",
                "url": "https://github.com/thesabbir/simple-line-icons.git",
                "reference": "ae1cf4ec75a8a32c4810a2fe7ca8c2fdf6f3e32c"
            },
            "dist": {
                "type": "zip",
                "url": "https://api.github.com/repos/thesabbir/simple-line-icons/zipball/ae1cf4ec75a8a32c4810a2fe7ca8c2fdf6f3e32c",
                "reference": "ae1cf4ec75a8a32c4810a2fe7ca8c2fdf6f3e32c",
                "shasum": ""
            },
            "type": "bower-asset-library",
            "extra": {
                "bower-asset-main": [
                    "css/simple-line-icons.css",
                    "scss/simple-line-icons.scss",
                    "less/simple-line-icons.less"
                ],
                "bower-asset-ignore": [
                    "**/.*",
                    "node_modules",
                    "bower_components",
                    "test",
                    "tests"
                ]
            },
            "license": [
                "MIT"
            ],
            "description": "Simple Line Icons Bower Package",
            "keywords": [
                "fonts",
                "icon",
                "simple",
                "simple-line"
            ]
        },
        {
            "name": "bower-asset/yii2-pjax",
            "version": "v2.0.6",
            "source": {
                "type": "git",
                "url": "https://github.com/yiisoft/jquery-pjax.git",
                "reference": "60728da6ade5879e807a49ce59ef9a72039b8978"
            },
            "dist": {
                "type": "zip",
                "url": "https://api.github.com/repos/yiisoft/jquery-pjax/zipball/60728da6ade5879e807a49ce59ef9a72039b8978",
                "reference": "60728da6ade5879e807a49ce59ef9a72039b8978",
                "shasum": ""
            },
            "require": {
                "bower-asset/jquery": ">=1.8"
            },
            "type": "bower-asset-library",
            "extra": {
                "bower-asset-main": "./jquery.pjax.js",
                "bower-asset-ignore": [
                    ".travis.yml",
                    "Gemfile",
                    "Gemfile.lock",
                    "CONTRIBUTING.md",
                    "vendor/",
                    "script/",
                    "test/"
                ]
            },
            "license": [
                "MIT"
            ]
        },
        {
            "name": "cebe/markdown",
            "version": "1.1.1",
            "source": {
                "type": "git",
                "url": "https://github.com/cebe/markdown.git",
                "reference": "c30eb5e01fe021cc5bba2f9ee0eeef96d4931166"
            },
            "dist": {
                "type": "zip",
                "url": "https://files.phpcomposer.com/files/cebe/markdown/c30eb5e01fe021cc5bba2f9ee0eeef96d4931166.zip",
                "reference": "c30eb5e01fe021cc5bba2f9ee0eeef96d4931166",
                "shasum": ""
            },
            "require": {
                "lib-pcre": "*",
                "php": ">=5.4.0"
            },
            "require-dev": {
                "cebe/indent": "*",
                "facebook/xhprof": "*@dev",
                "phpunit/phpunit": "4.1.*"
            },
            "bin": [
                "bin/markdown"
            ],
            "type": "library",
            "extra": {
                "branch-alias": {
                    "dev-master": "1.1.x-dev"
                }
            },
            "autoload": {
                "psr-4": {
                    "cebe\\markdown\\": ""
                }
            },
            "notification-url": "https://packagist.org/downloads/",
            "license": [
                "MIT"
            ],
            "authors": [
                {
                    "name": "Carsten Brandt",
                    "email": "mail@cebe.cc",
                    "homepage": "http://cebe.cc/",
                    "role": "Creator"
                }
            ],
            "description": "A super fast, highly extensible markdown parser for PHP",
            "homepage": "https://github.com/cebe/markdown#readme",
            "keywords": [
                "extensible",
                "fast",
                "gfm",
                "markdown",
                "markdown-extra"
            ],
            "time": "2016-09-14T20:40:20+00:00"
        },
        {
            "name": "ezyang/htmlpurifier",
            "version": "v4.9.2",
            "source": {
                "type": "git",
                "url": "https://github.com/ezyang/htmlpurifier.git",
                "reference": "6d50e5282afdfdfc3e0ff6d192aff56c5629b3d4"
            },
            "dist": {
                "type": "zip",
                "url": "https://files.phpcomposer.com/files/ezyang/htmlpurifier/6d50e5282afdfdfc3e0ff6d192aff56c5629b3d4.zip",
                "reference": "6d50e5282afdfdfc3e0ff6d192aff56c5629b3d4",
                "shasum": ""
            },
            "require": {
                "php": ">=5.2"
            },
            "require-dev": {
                "simpletest/simpletest": "^1.1"
            },
            "type": "library",
            "autoload": {
                "psr-0": {
                    "HTMLPurifier": "library/"
                },
                "files": [
                    "library/HTMLPurifier.composer.php"
                ]
            },
            "notification-url": "https://packagist.org/downloads/",
            "license": [
                "LGPL"
            ],
            "authors": [
                {
                    "name": "Edward Z. Yang",
                    "email": "admin@htmlpurifier.org",
                    "homepage": "http://ezyang.com"
                }
            ],
            "description": "Standards compliant HTML filter written in PHP",
            "homepage": "http://htmlpurifier.org/",
            "keywords": [
                "html"
            ],
            "time": "2017-03-13T06:30:53+00:00"
        },
        {
            "name": "yiisoft/yii2",
            "version": "2.0.11.2",
            "source": {
                "type": "git",
                "url": "https://github.com/yiisoft/yii2-framework.git",
                "reference": "ee996adec1dfd7babb67bd0c604f5bd6425fe5ab"
            },
            "dist": {
                "type": "zip",
                "url": "https://files.phpcomposer.com/files/yiisoft/yii2-framework/ee996adec1dfd7babb67bd0c604f5bd6425fe5ab.zip",
                "reference": "ee996adec1dfd7babb67bd0c604f5bd6425fe5ab",
                "shasum": ""
            },
            "require": {
                "bower-asset/jquery": "2.2.*@stable | 2.1.*@stable | 1.11.*@stable | 1.12.*@stable",
                "bower-asset/jquery.inputmask": "~3.2.2 | ~3.3.3",
                "bower-asset/punycode": "1.3.*",
                "bower-asset/yii2-pjax": "~2.0.1",
                "cebe/markdown": "~1.0.0 | ~1.1.0",
                "ext-ctype": "*",
                "ext-mbstring": "*",
                "ezyang/htmlpurifier": "~4.6",
                "lib-pcre": "*",
                "php": ">=5.4.0",
                "yiisoft/yii2-composer": "~2.0.4"
            },
            "bin": [
                "yii"
            ],
            "type": "library",
            "extra": {
                "branch-alias": {
                    "dev-master": "2.0.x-dev"
                }
            },
            "autoload": {
                "psr-4": {
                    "yii\\": ""
                }
            },
            "notification-url": "https://packagist.org/downloads/",
            "license": [
                "BSD-3-Clause"
            ],
            "authors": [
                {
                    "name": "Qiang Xue",
                    "email": "qiang.xue@gmail.com",
                    "homepage": "http://www.yiiframework.com/",
                    "role": "Founder and project lead"
                },
                {
                    "name": "Alexander Makarov",
                    "email": "sam@rmcreative.ru",
                    "homepage": "http://rmcreative.ru/",
                    "role": "Core framework development"
                },
                {
                    "name": "Maurizio Domba",
                    "homepage": "http://mdomba.info/",
                    "role": "Core framework development"
                },
                {
                    "name": "Carsten Brandt",
                    "email": "mail@cebe.cc",
                    "homepage": "http://cebe.cc/",
                    "role": "Core framework development"
                },
                {
                    "name": "Timur Ruziev",
                    "email": "resurtm@gmail.com",
                    "homepage": "http://resurtm.com/",
                    "role": "Core framework development"
                },
                {
                    "name": "Paul Klimov",
                    "email": "klimov.paul@gmail.com",
                    "role": "Core framework development"
                },
                {
                    "name": "Dmitry Naumenko",
                    "email": "d.naumenko.a@gmail.com",
                    "role": "Core framework development"
                },
                {
                    "name": "Boudewijn Vahrmeijer",
                    "email": "info@dynasource.eu",
                    "homepage": "http://dynasource.eu",
                    "role": "Core framework development"
                }
            ],
            "description": "Yii PHP Framework Version 2",
            "homepage": "http://www.yiiframework.com/",
            "keywords": [
                "framework",
                "yii2"
            ],
            "time": "2017-02-08T09:04:32+00:00"
        },
        {
            "name": "yiisoft/yii2-composer",
            "version": "2.0.5",
            "source": {
                "type": "git",
                "url": "https://github.com/yiisoft/yii2-composer.git",
                "reference": "3f4923c2bde6caf3f5b88cc22fdd5770f52f8df2"
            },
            "dist": {
                "type": "zip",
                "url": "https://files.phpcomposer.com/files/yiisoft/yii2-composer/3f4923c2bde6caf3f5b88cc22fdd5770f52f8df2.zip",
                "reference": "3f4923c2bde6caf3f5b88cc22fdd5770f52f8df2",
                "shasum": ""
            },
            "require": {
                "composer-plugin-api": "^1.0"
            },
            "require-dev": {
                "composer/composer": "^1.0"
            },
            "type": "composer-plugin",
            "extra": {
                "class": "yii\\composer\\Plugin",
                "branch-alias": {
                    "dev-master": "2.0.x-dev"
                }
            },
            "autoload": {
                "psr-4": {
                    "yii\\composer\\": ""
                }
            },
            "notification-url": "https://packagist.org/downloads/",
            "license": [
                "BSD-3-Clause"
            ],
            "authors": [
                {
                    "name": "Qiang Xue",
                    "email": "qiang.xue@gmail.com"
                }
            ],
            "description": "The composer plugin for Yii extension installer",
            "keywords": [
                "composer",
                "extension installer",
                "yii2"
            ],
            "time": "2016-12-20T13:26:02+00:00"
        }
    ],
    "packages-dev": [],
    "aliases": [],
    "minimum-stability": "stable",
    "stability-flags": {
        "bower-asset/select2-bootstrap-theme": 10
    },
    "prefer-stable": false,
    "prefer-lowest": false,
    "platform": [],
    "platform-dev": []
}
